
Microsoft Visual Studio Solution File, Format Version 12.00
# Visual Studio Version 17
VisualStudioVersion = 17.6.33712.159
MinimumVisualStudioVersion = 10.0.40219.1
Project("{FAE04EC0-301F-11D3-BF4B-00C04F79EFBC}") = "UrlShortener.API", "UrlShortener\UrlShortener.API.csproj", "{6BA521A8-1C72-498E-910D-68D381573E28}"
EndProject
Project("{FAE04EC0-301F-11D3-BF4B-00C04F79EFBC}") = "UrlShortener.Business", "UrlShortener.Business\UrlShortener.Business.csproj", "{6E7A717F-94F6-429E-8664-15621FCE1A77}"
EndProject
Project("{FAE04EC0-301F-11D3-BF4B-00C04F79EFBC}") = "UrlShortener.Common", "UrlShortener.Common\UrlShortener.Common.csproj", "{B927AEA8-6077-4316-B265-A70825C6F5A0}"
EndProject
Project("{FAE04EC0-301F-11D3-BF4B-00C04F79EFBC}") = "UrlShortener.DataAccess", "UrlShortener.DataAccess\UrlShortener.DataAccess.csproj", "{6A08776D-CB16-49D9-BB09-680610BD7FEA}"
EndProject
Global
	GlobalSection(SolutionConfigurationPlatforms) = preSolution
		Debug|Any CPU = Debug|Any CPU
		Release|Any CPU = Release|Any CPU
	EndGlobalSection
	GlobalSection(ProjectConfigurationPlatforms) = postSolution
		{6BA521A8-1C72-498E-910D-68D381573E28}.Debug|Any CPU.ActiveCfg = Debug|Any CPU
		{6BA521A8-1C72-498E-910D-68D381573E28}.Debug|Any CPU.Build.0 = Debug|Any CPU
		{6BA521A8-1C72-498E-910D-68D381573E28}.Release|Any CPU.ActiveCfg = Release|Any CPU
		{6BA521A8-1C72-498E-910D-68D381573E28}.Release|Any CPU.Build.0 = Release|Any CPU
		{6E7A717F-94F6-429E-8664-15621FCE1A77}.Debug|Any CPU.ActiveCfg = Debug|Any CPU
		{6E7A717F-94F6-429E-8664-15621FCE1A77}.Debug|Any CPU.Build.0 = Debug|Any CPU
		{6E7A717F-94F6-429E-8664-15621FCE1A77}.Release|Any CPU.ActiveCfg = Release|Any CPU
		{6E7A717F-94F6-429E-8664-15621FCE1A77}.Release|Any CPU.Build.0 = Release|Any CPU
		{B927AEA8-6077-4316-B265-A70825C6F5A0}.Debug|Any CPU.ActiveCfg = Debug|Any CPU
		{B927AEA8-6077-4316-B265-A70825C6F5A0}.Debug|Any CPU.Build.0 = Debug|Any CPU
		{B927AEA8-6077-4316-B265-A70825C6F5A0}.Release|Any CPU.ActiveCfg = Release|Any CPU
		{B927AEA8-6077-4316-B265-A70825C6F5A0}.Release|Any CPU.Build.0 = Release|Any CPU
		{6A08776D-CB16-49D9-BB09-680610BD7FEA}.Debug|Any CPU.ActiveCfg = Debug|Any CPU
		{6A08776D-CB16-49D9-BB09-680610BD7FEA}.Debug|Any CPU.Build.0 = Debug|Any CPU
		{6A08776D-CB16-49D9-BB09-680610BD7FEA}.Release|Any CPU.ActiveCfg = Release|Any CPU
		{6A08776D-CB16-49D9-BB09-680610BD7FEA}.Release|Any CPU.Build.0 = Release|Any CPU
	EndGlobalSection
	GlobalSection(SolutionProperties) = preSolution
		HideSolutionNode = FALSE
	EndGlobalSection
	GlobalSection(ExtensibilityGlobals) = postSolution
		SolutionGuid = {B735A791-7A5C-4DFE-82A8-7CA79FAC6914}
	EndGlobalSection
EndGlobal
